// !$*UTF8*$!
{
	archiveVersion = 1;
	classes = {
	};
	objectVersion = 46;
	objects = {

/* Begin PBXBuildFile section */
		141805A81F1671AA009A9C4C /* Helpers.swift in Sources */ = {isa = PBXBuildFile; fileRef = 141805A71F1671AA009A9C4C /* Helpers.swift */; };
		14C3D67B1F166DE4007E3E37 /* AppDelegate.swift in Sources */ = {isa = PBXBuildFile; fileRef = 14C3D67A1F166DE4007E3E37 /* AppDelegate.swift */; };
		14C3D6821F166DE4007E3E37 /* Assets.xcassets in Resources */ = {isa = PBXBuildFile; fileRef = 14C3D6811F166DE4007E3E37 /* Assets.xcassets */; };
		14C3D6851F166DE4007E3E37 /* LaunchScreen.storyboard in Resources */ = {isa = PBXBuildFile; fileRef = 14C3D6831F166DE4007E3E37 /* LaunchScreen.storyboard */; };
		250FF2151F1777F30090EEAE /* User.swift in Sources */ = {isa = PBXBuildFile; fileRef = 250FF2141F1777F30090EEAE /* User.swift */; };
		250FF2221F1778220090EEAE /* UserController.swift in Sources */ = {isa = PBXBuildFile; fileRef = 250FF2181F1778220090EEAE /* UserController.swift */; };
		250FF2231F1778220090EEAE /* UserView.swift in Sources */ = {isa = PBXBuildFile; fileRef = 250FF21A1F1778220090EEAE /* UserView.swift */; };
		250FF2241F1778220090EEAE /* UserView.xib in Resources */ = {isa = PBXBuildFile; fileRef = 250FF21B1F1778220090EEAE /* UserView.xib */; };
		250FF2251F1778220090EEAE /* UsersController.swift in Sources */ = {isa = PBXBuildFile; fileRef = 250FF21E1F1778220090EEAE /* UsersController.swift */; };
		250FF2261F1778220090EEAE /* UserCell.swift in Sources */ = {isa = PBXBuildFile; fileRef = 250FF2201F1778220090EEAE /* UserCell.swift */; };
		250FF2271F1778220090EEAE /* UserCell.xib in Resources */ = {isa = PBXBuildFile; fileRef = 250FF2211F1778220090EEAE /* UserCell.xib */; };
/* End PBXBuildFile section */

/* Begin PBXFileReference section */
		141805A71F1671AA009A9C4C /* Helpers.swift */ = {isa = PBXFileReference; fileEncoding = 4; lastKnownFileType = sourcecode.swift; path = Helpers.swift; sourceTree = "<group>"; };
		14C3D6771F166DE4007E3E37 /* Project.app */ = {isa = PBXFileReference; explicitFileType = wrapper.application; includeInIndex = 0; path = Project.app; sourceTree = BUILT_PRODUCTS_DIR; };
		14C3D67A1F166DE4007E3E37 /* AppDelegate.swift */ = {isa = PBXFileReference; lastKnownFileType = sourcecode.swift; path = AppDelegate.swift; sourceTree = "<group>"; };
		14C3D6811F166DE4007E3E37 /* Assets.xcassets */ = {isa = PBXFileReference; lastKnownFileType = folder.assetcatalog; path = Assets.xcassets; sourceTree = "<group>"; };
		14C3D6841F166DE4007E3E37 /* Base */ = {isa = PBXFileReference; lastKnownFileType = file.storyboard; name = Base; path = Base.lproj/LaunchScreen.storyboard; sourceTree = "<group>"; };
		14C3D6861F166DE4007E3E37 /* Info.plist */ = {isa = PBXFileReference; lastKnownFileType = text.plist.xml; path = Info.plist; sourceTree = "<group>"; };
		250FF2141F1777F30090EEAE /* User.swift */ = {isa = PBXFileReference; fileEncoding = 4; lastKnownFileType = sourcecode.swift; path = User.swift; sourceTree = "<group>"; };
		250FF2181F1778220090EEAE /* UserController.swift */ = {isa = PBXFileReference; fileEncoding = 4; lastKnownFileType = sourcecode.swift; path = UserController.swift; sourceTree = "<group>"; };
		250FF21A1F1778220090EEAE /* UserView.swift */ = {isa = PBXFileReference; fileEncoding = 4; lastKnownFileType = sourcecode.swift; path = UserView.swift; sourceTree = "<group>"; };
		250FF21B1F1778220090EEAE /* UserView.xib */ = {isa = PBXFileReference; fileEncoding = 4; lastKnownFileType = file.xib; path = UserView.xib; sourceTree = "<group>"; };
		250FF21E1F1778220090EEAE /* UsersController.swift */ = {isa = PBXFileReference; fileEncoding = 4; lastKnownFileType = sourcecode.swift; path = UsersController.swift; sourceTree = "<group>"; };
		250FF2201F1778220090EEAE /* UserCell.swift */ = {isa = PBXFileReference; fileEncoding = 4; lastKnownFileType = sourcecode.swift; path = UserCell.swift; sourceTree = "<group>"; };
		250FF2211F1778220090EEAE /* UserCell.xib */ = {isa = PBXFileReference; fileEncoding = 4; lastKnownFileType = file.xib; path = UserCell.xib; sourceTree = "<group>"; };
/* End PBXFileReference section */

/* Begin PBXFrameworksBuildPhase section */
		14C3D6741F166DE4007E3E37 /* Frameworks */ = {
			isa = PBXFrameworksBuildPhase;
			buildActionMask = 2147483647;
			files = (
			);
			runOnlyForDeploymentPostprocessing = 0;
		};
/* End PBXFrameworksBuildPhase section */

/* Begin PBXGroup section */
		14C3D66E1F166DE4007E3E37 = {
			isa = PBXGroup;
			children = (
				14C3D6791F166DE4007E3E37 /* Project */,
				14C3D6781F166DE4007E3E37 /* Products */,
			);
			sourceTree = "<group>";
		};
		14C3D6781F166DE4007E3E37 /* Products */ = {
			isa = PBXGroup;
			children = (
				14C3D6771F166DE4007E3E37 /* Project.app */,
			);
			name = Products;
			sourceTree = "<group>";
		};
		14C3D6791F166DE4007E3E37 /* Project */ = {
			isa = PBXGroup;
			children = (
				14C3D67A1F166DE4007E3E37 /* AppDelegate.swift */,
				141805A71F1671AA009A9C4C /* Helpers.swift */,
				250FF21C1F1778220090EEAE /* List */,
				250FF2161F1778220090EEAE /* Detail */,
				250FF2131F1777F30090EEAE /* Model */,
				14C3D6811F166DE4007E3E37 /* Assets.xcassets */,
				14C3D6831F166DE4007E3E37 /* LaunchScreen.storyboard */,
				14C3D6861F166DE4007E3E37 /* Info.plist */,
			);
			path = Project;
			sourceTree = "<group>";
		};
		250FF2131F1777F30090EEAE /* Model */ = {
			isa = PBXGroup;
			children = (
				250FF2141F1777F30090EEAE /* User.swift */,
			);
			path = Model;
			sourceTree = "<group>";
		};
		250FF2161F1778220090EEAE /* Detail */ = {
			isa = PBXGroup;
			children = (
				250FF2171F1778220090EEAE /* Controller */,
				250FF2191F1778220090EEAE /* View */,
			);
			path = Detail;
			sourceTree = "<group>";
		};
		250FF2171F1778220090EEAE /* Controller */ = {
			isa = PBXGroup;
			children = (
				250FF2181F1778220090EEAE /* UserController.swift */,
			);
			path = Controller;
			sourceTree = "<group>";
		};
		250FF2191F1778220090EEAE /* View */ = {
			isa = PBXGroup;
			children = (
				250FF21A1F1778220090EEAE /* UserView.swift */,
				250FF21B1F1778220090EEAE /* UserView.xib */,
			);
			path = View;
			sourceTree = "<group>";
		};
		250FF21C1F1778220090EEAE /* List */ = {
			isa = PBXGroup;
			children = (
				250FF21D1F1778220090EEAE /* Controller */,
				250FF21F1F1778220090EEAE /* View */,
			);
			path = List;
			sourceTree = "<group>";
		};
		250FF21D1F1778220090EEAE /* Controller */ = {
			isa = PBXGroup;
			children = (
				250FF21E1F1778220090EEAE /* UsersController.swift */,
			);
			path = Controller;
			sourceTree = "<group>";
		};
		250FF21F1F1778220090EEAE /* View */ = {
			isa = PBXGroup;
			children = (
				250FF2201F1778220090EEAE /* UserCell.swift */,
				250FF2211F1778220090EEAE /* UserCell.xib */,
			);
			path = View;
			sourceTree = "<group>";
		};
/* End PBXGroup section */

/* Begin PBXNativeTarget section */
		14C3D6761F166DE4007E3E37 /* Project */ = {
			isa = PBXNativeTarget;
			buildConfigurationList = 14C3D6891F166DE4007E3E37 /* Build configuration list for PBXNativeTarget "Project" */;
			buildPhases = (
				14C3D6731F166DE4007E3E37 /* Sources */,
				14C3D6741F166DE4007E3E37 /* Frameworks */,
				14C3D6751F166DE4007E3E37 /* Resources */,
			);
			buildRules = (
			);
			dependencies = (
			);
			name = Project;
			productName = Project;
			productReference = 14C3D6771F166DE4007E3E37 /* Project.app */;
			productType = "com.apple.product-type.application";
		};
/* End PBXNativeTarget section */

/* Begin PBXProject section */
		14C3D66F1F166DE4007E3E37 /* Project object */ = {
			isa = PBXProject;
			attributes = {
				LastSwiftUpdateCheck = 0830;
				LastUpgradeCheck = 0830;
				ORGANIZATIONNAME = Demo;
				TargetAttributes = {
					14C3D6761F166DE4007E3E37 = {
						CreatedOnToolsVersion = 8.3.3;
						ProvisioningStyle = Automatic;
					};
				};
			};
			buildConfigurationList = 14C3D6721F166DE4007E3E37 /* Build configuration list for PBXProject "Project" */;
			compatibilityVersion = "Xcode 3.2";
			developmentRegion = English;
			hasScannedForEncodings = 0;
			knownRegions = (
				en,
				Base,
			);
			mainGroup = 14C3D66E1F166DE4007E3E37;
			productRefGroup = 14C3D6781F166DE4007E3E37 /* Products */;
			projectDirPath = "";
			projectRoot = "";
			targets = (
				14C3D6761F166DE4007E3E37 /* Project */,
			);
		};
/* End PBXProject section */

/* Begin PBXResourcesBuildPhase section */
		14C3D6751F166DE4007E3E37 /* Resources */ = {
			isa = PBXResourcesBuildPhase;
			buildActionMask = 2147483647;
			files = (
				250FF2271F1778220090EEAE /* UserCell.xib in Resources */,
				250FF2241F1778220090EEAE /* UserView.xib in Resources */,
				14C3D6851F166DE4007E3E37 /* LaunchScreen.storyboard in Resources */,
				14C3D6821F166DE4007E3E37 /* Assets.xcassets in Resources */,
			);
			runOnlyForDeploymentPostprocessing = 0;
		};
/* End PBXResourcesBuildPhase section */

/* Begin PBXSourcesBuildPhase section */
		14C3D6731F166DE4007E3E37 /* Sources */ = {
			isa = PBXSourcesBuildPhase;
			buildActionMask = 2147483647;
			files = (
				14C3D67B1F166DE4007E3E37 /* AppDelegate.swift in Sources */,
				141805A81F1671AA009A9C4C /* Helpers.swift in Sources */,
				250FF2251F1778220090EEAE /* UsersController.swift in Sources */,
				250FF2231F1778220090EEAE /* UserView.swift in Sources */,
				250FF2221F1778220090EEAE /* UserController.swift in Sources */,
				250FF2151F1777F30090EEAE /* User.swift in Sources */,
				250FF2261F1778220090EEAE /* UserCell.swift in Sources */,
			);
			runOnlyForDeploymentPostprocessing = 0;
		};
/* End PBXSourcesBuildPhase section */

/* Begin PBXVariantGroup section */
		14C3D6831F166DE4007E3E37 /* LaunchScreen.storyboard */ = {
			isa = PBXVariantGroup;
			children = (
				14C3D6841F166DE4007E3E37 /* Base */,
			);
			name = LaunchScreen.storyboard;
			sourceTree = "<group>";
		};
/* End PBXVariantGroup section */

/* Begin XCBuildConfiguration section */
		14C3D6871F166DE4007E3E37 /* Debug */ = {
			isa = XCBuildConfiguration;
			buildSettings = {
				ALWAYS_SEARCH_USER_PATHS = NO;
				CLANG_ANALYZER_NONNULL = YES;
				CLANG_ANALYZER_NUMBER_OBJECT_CONVERSION = YES_AGGRESSIVE;
				CLANG_CXX_LANGUAGE_STANDARD = "gnu++0x";
				CLANG_CXX_LIBRARY = "libc++";
				CLANG_ENABLE_MODULES = YES;
				CLANG_ENABLE_OBJC_ARC = YES;
				CLANG_WARN_BOOL_CONVERSION = YES;
				CLANG_WARN_CONSTANT_CONVERSION = YES;
				CLANG_WARN_DIRECT_OBJC_ISA_USAGE = YES_ERROR;
				CLANG_WARN_DOCUMENTATION_COMMENTS = YES;
				CLANG_WARN_EMPTY_BODY = YES;
				CLANG_WARN_ENUM_CONVERSION = YES;
				CLANG_WARN_INFINITE_RECURSION = YES;
				CLANG_WARN_INT_CONVERSION = YES;
				CLANG_WARN_OBJC_ROOT_CLASS = YES_ERROR;
				CLANG_WARN_SUSPICIOUS_MOVE = YES;
				CLANG_WARN_UNREACHABLE_CODE = YES;
				CLANG_WARN__DUPLICATE_METHOD_MATCH = YES;
				"CODE_SIGN_IDENTITY[sdk=iphoneos*]" = "iPhone Developer";
				COPY_PHASE_STRIP = NO;
				DEBUG_INFORMATION_FORMAT = dwarf;
				ENABLE_STRICT_OBJC_MSGSEND = YES;
				ENABLE_TESTABILITY = YES;
				GCC_C_LANGUAGE_STANDARD = gnu99;
				GCC_DYNAMIC_NO_PIC = NO;
				GCC_NO_COMMON_BLOCKS = YES;
				GCC_OPTIMIZATION_LEVEL = 0;
				GCC_PREPROCESSOR_DEFINITIONS = (
					"DEBUG=1",
					"$(inherited)",
				);
				GCC_WARN_64_TO_32_BIT_CONVERSION = YES;
				GCC_WARN_ABOUT_RETURN_TYPE = YES_ERROR;
				GCC_WARN_UNDECLARED_SELECTOR = YES;
				GCC_WARN_UNINITIALIZED_AUTOS = YES_AGGRESSIVE;
				GCC_WARN_UNUSED_FUNCTION = YES;
				GCC_WARN_UNUSED_VARIABLE = YES;
				IPHONEOS_DEPLOYMENT_TARGET = 10.3;
				MTL_ENABLE_DEBUG_INFO = YES;
				ONLY_ACTIVE_ARCH = YES;
				SDKROOT = iphoneos;
				SWIFT_ACTIVE_COMPILATION_CONDITIONS = DEBUG;
				SWIFT_OPTIMIZATION_LEVEL = "-Onone";
			};
			name = Debug;
		};
		14C3D6881F166DE4007E3E37 /* Release */ = {
			isa = XCBuildConfiguration;
			buildSettings = {
				ALWAYS_SEARCH_USER_PATHS = NO;
				CLANG_ANALYZER_NONNULL = YES;
				CLANG_ANALYZER_NUMBER_OBJECT_CONVERSION = YES_AGGRESSIVE;
				CLANG_CXX_LANGUAGE_STANDARD = "gnu++0x";
				CLANG_CXX_LIBRARY = "libc++";
				CLANG_ENABLE_MODULES = YES;
				CLANG_ENABLE_OBJC_ARC = YES;
				CLANG_WARN_BOOL_CONVERSION = YES;
				CLANG_WARN_CONSTANT_CONVERSION = YES;
				CLANG_WARN_DIRECT_OBJC_ISA_USAGE = YES_ERROR;
				CLANG_WARN_DOCUMENTATION_COMMENTS = YES;
				CLANG_WARN_EMPTY_BODY = YES;
				CLANG_WARN_ENUM_CONVERSION = YES;
				CLANG_WARN_INFINITE_RECURSION = YES;
				CLANG_WARN_INT_CONVERSION = YES;
				CLANG_WARN_OBJC_ROOT_CLASS = YES_ERROR;
				CLANG_WARN_SUSPICIOUS_MOVE = YES;
				CLANG_WARN_UNREACHABLE_CODE = YES;
				CLANG_WARN__DUPLICATE_METHOD_MATCH = YES;
				"CODE_SIGN_IDENTITY[sdk=iphoneos*]" = "iPhone Developer";
				COPY_PHASE_STRIP = NO;
				DEBUG_INFORMATION_FORMAT = "dwarf-with-dsym";
				ENABLE_NS_ASSERTIONS = NO;
				ENABLE_STRICT_OBJC_MSGSEND = YES;
				GCC_C_LANGUAGE_STANDARD = gnu99;
				GCC_NO_COMMON_BLOCKS = YES;
				GCC_WARN_64_TO_32_BIT_CONVERSION = YES;
				GCC_WARN_ABOUT_RETURN_TYPE = YES_ERROR;
				GCC_WARN_UNDECLARED_SELECTOR = YES;
				GCC_WARN_UNINITIALIZED_AUTOS = YES_AGGRESSIVE;
				GCC_WARN_UNUSED_FUNCTION = YES;
				GCC_WARN_UNUSED_VARIABLE = YES;
				IPHONEOS_DEPLOYMENT_TARGET = 10.3;
				MTL_ENABLE_DEBUG_INFO = NO;
				SDKROOT = iphoneos;
				SWIFT_OPTIMIZATION_LEVEL = "-Owholemodule";
				VALIDATE_PRODUCT = YES;
			};
			name = Release;
		};
		14C3D68A1F166DE4007E3E37 /* Debug */ = {
			isa = XCBuildConfiguration;
			buildSettings = {
				ASSETCATALOG_COMPILER_APPICON_NAME = AppIcon;
				INFOPLIST_FILE = Project/Info.plist;
				LD_RUNPATH_SEARCH_PATHS = "$(inherited) @executable_path/Frameworks";
				PRODUCT_BUNDLE_IDENTIFIER = demo.Project;
				PRODUCT_NAME = "$(TARGET_NAME)";
				SWIFT_VERSION = 3.0;
			};
			name = Debug;
		};
		14C3D68B1F166DE4007E3E37 /* Release */ = {
			isa = XCBuildConfiguration;
			buildSettings = {
				ASSETCATALOG_COMPILER_APPICON_NAME = AppIcon;
				INFOPLIST_FILE = Project/Info.plist;
				LD_RUNPATH_SEARCH_PATHS = "$(inherited) @executable_path/Frameworks";
				PRODUCT_BUNDLE_IDENTIFIER = demo.Project;
				PRODUCT_NAME = "$(TARGET_NAME)";
				SWIFT_VERSION = 3.0;
			};
			name = Release;
		};
/* End XCBuildConfiguration section */

/* Begin XCConfigurationList section */
		14C3D6721F166DE4007E3E37 /* Build configuration list for PBXProject "Project" */ = {
			isa = XCConfigurationList;
			buildConfigurations = (
				14C3D6871F166DE4007E3E37 /* Debug */,
				14C3D6881F166DE4007E3E37 /* Release */,
			);
			defaultConfigurationIsVisible = 0;
			defaultConfigurationName = Release;
		};
		14C3D6891F166DE4007E3E37 /* Build configuration list for PBXNativeTarget "Project" */ = {
			isa = XCConfigurationList;
			buildConfigurations = (
				14C3D68A1F166DE4007E3E37 /* Debug */,
				14C3D68B1F166DE4007E3E37 /* Release */,
			);
			defaultConfigurationIsVisible = 0;
			defaultConfigurationName = Release;
		};
/* End XCConfigurationList section */
	};
	rootObject = 14C3D66F1F166DE4007E3E37 /* Project object */;
}
